// !$*UTF8*$!
{
	archiveVersion = 1;
	classes = {
	};
	objectVersion = 60;
	objects = {

/* Begin PBXBuildFile section */
		F41FD3952C4DF0200078ABD0 /* MySpotifyManager.swift in Sources */ = {isa = PBXBuildFile; fileRef = F41FD3942C4DF01C0078ABD0 /* MySpotifyManager.swift */; };
		F43F2E572C740310002C1CD6 /* TwibStorageManager.swift in Sources */ = {isa = PBXBuildFile; fileRef = F43F2E562C740310002C1CD6 /* TwibStorageManager.swift */; };
		F43F2E5A2C74262D002C1CD6 /* Zip in Frameworks */ = {isa = PBXBuildFile; productRef = F43F2E592C74262D002C1CD6 /* Zip */; };
		F441B22E2C6563BB006F2118 /* HeadingView.swift in Sources */ = {isa = PBXBuildFile; fileRef = F441B22D2C6563BB006F2118 /* HeadingView.swift */; };
		F44B796D2C7137F90064F471 /* TwibServerAPI.swift in Sources */ = {isa = PBXBuildFile; fileRef = F44B796C2C7137F90064F471 /* TwibServerAPI.swift */; };
		F45199BD2C7E483300C9CD93 /* TwibAudioManager.swift in Sources */ = {isa = PBXBuildFile; fileRef = F45199BC2C7E483300C9CD93 /* TwibAudioManager.swift */; };
		F45661662C7CF372008A1B20 /* PlayingView.swift in Sources */ = {isa = PBXBuildFile; fileRef = F45661652C7CF372008A1B20 /* PlayingView.swift */; };
		F45661692C7D004B008A1B20 /* QueueView.swift in Sources */ = {isa = PBXBuildFile; fileRef = F45661682C7D004B008A1B20 /* QueueView.swift */; };
		F45B9E902C6AC1B500BE0B84 /* MyYouTubeAPI.swift in Sources */ = {isa = PBXBuildFile; fileRef = F45B9E8F2C6AC1B500BE0B84 /* MyYouTubeAPI.swift */; };
		F45DD0772C7D095A00DCF6A9 /* SettingsView.swift in Sources */ = {isa = PBXBuildFile; fileRef = F45DD0762C7D095A00DCF6A9 /* SettingsView.swift */; };
		F471AF302C5C4B9F00CC1E62 /* PlaylistView.swift in Sources */ = {isa = PBXBuildFile; fileRef = F471AF2F2C5C4B9F00CC1E62 /* PlaylistView.swift */; };
		F476A6692C5ADC6C008F5E53 /* SpotifyiOS in Frameworks */ = {isa = PBXBuildFile; productRef = F476A6682C5ADC6C008F5E53 /* SpotifyiOS */; };
		F476A66D2C5AF4D0008F5E53 /* MySpotifyAPI.swift in Sources */ = {isa = PBXBuildFile; fileRef = F476A66C2C5AF4D0008F5E53 /* MySpotifyAPI.swift */; };
		F48DBF4A2C61591B00FF8D9F /* TrackView.swift in Sources */ = {isa = PBXBuildFile; fileRef = F48DBF492C61591B00FF8D9F /* TrackView.swift */; };
		F48DBF4C2C615BE800FF8D9F /* Playlist.swift in Sources */ = {isa = PBXBuildFile; fileRef = F48DBF4B2C615BE800FF8D9F /* Playlist.swift */; };
		F48DBF502C627BE600FF8D9F /* Song.swift in Sources */ = {isa = PBXBuildFile; fileRef = F48DBF4F2C627BE600FF8D9F /* Song.swift */; };
		F49F1F262C686BF3004EC8F9 /* LibraryView.swift in Sources */ = {isa = PBXBuildFile; fileRef = F49F1F252C686BF3004EC8F9 /* LibraryView.swift */; };
		F4A707BB2C66BEA100498CA0 /* Album.swift in Sources */ = {isa = PBXBuildFile; fileRef = F4A707BA2C66BEA100498CA0 /* Album.swift */; };
		F4B5CC982C598FA100C92977 /* SpotifyiOS in Frameworks */ = {isa = PBXBuildFile; productRef = F4B5CC972C598FA100C92977 /* SpotifyiOS */; };
		F4B7B4CB2C35235800A348D3 /* Twib_MusicApp.swift in Sources */ = {isa = PBXBuildFile; fileRef = F4B7B4CA2C35235800A348D3 /* Twib_MusicApp.swift */; };
		F4B7B4CF2C35235900A348D3 /* Assets.xcassets in Resources */ = {isa = PBXBuildFile; fileRef = F4B7B4CE2C35235900A348D3 /* Assets.xcassets */; };
		F4B7B4D22C35235900A348D3 /* Preview Assets.xcassets in Resources */ = {isa = PBXBuildFile; fileRef = F4B7B4D12C35235900A348D3 /* Preview Assets.xcassets */; };
		F4D95A272C76B51B005AF5F8 /* ItemView.swift in Sources */ = {isa = PBXBuildFile; fileRef = F4D95A262C76B51B005AF5F8 /* ItemView.swift */; };
		F4E278682C39070F00C924EC /* SpotifyiOS in Frameworks */ = {isa = PBXBuildFile; productRef = F4E278672C39070F00C924EC /* SpotifyiOS */; };
		F4E2786E2C39119100C924EC /* Twib-Music-Bridging-Header.m in Sources */ = {isa = PBXBuildFile; fileRef = F4E2786D2C39119100C924EC /* Twib-Music-Bridging-Header.m */; };
		F4EB28E42C37A5A5003406EC /* HomeView.swift in Sources */ = {isa = PBXBuildFile; fileRef = F4EB28E32C37A5A5003406EC /* HomeView.swift */; };
/* End PBXBuildFile section */

/* Begin PBXFileReference section */
		F41FD38C2C4C83FD0078ABD0 /* Twib-Music-Info.plist */ = {isa = PBXFileReference; lastKnownFileType = text.plist.xml; path = "Twib-Music-Info.plist"; sourceTree = "<group>"; };
		F41FD3942C4DF01C0078ABD0 /* MySpotifyManager.swift */ = {isa = PBXFileReference; lastKnownFileType = sourcecode.swift; path = MySpotifyManager.swift; sourceTree = "<group>"; };
		F43F2E562C740310002C1CD6 /* TwibStorageManager.swift */ = {isa = PBXFileReference; lastKnownFileType = sourcecode.swift; path = TwibStorageManager.swift; sourceTree = "<group>"; };
		F441B22D2C6563BB006F2118 /* HeadingView.swift */ = {isa = PBXFileReference; lastKnownFileType = sourcecode.swift; path = HeadingView.swift; sourceTree = "<group>"; };
		F44B796C2C7137F90064F471 /* TwibServerAPI.swift */ = {isa = PBXFileReference; lastKnownFileType = sourcecode.swift; path = TwibServerAPI.swift; sourceTree = "<group>"; };
		F45199BC2C7E483300C9CD93 /* TwibAudioManager.swift */ = {isa = PBXFileReference; lastKnownFileType = sourcecode.swift; path = TwibAudioManager.swift; sourceTree = "<group>"; };
		F45661652C7CF372008A1B20 /* PlayingView.swift */ = {isa = PBXFileReference; lastKnownFileType = sourcecode.swift; path = PlayingView.swift; sourceTree = "<group>"; };
		F45661682C7D004B008A1B20 /* QueueView.swift */ = {isa = PBXFileReference; lastKnownFileType = sourcecode.swift; path = QueueView.swift; sourceTree = "<group>"; };
		F45B9E8F2C6AC1B500BE0B84 /* MyYouTubeAPI.swift */ = {isa = PBXFileReference; lastKnownFileType = sourcecode.swift; path = MyYouTubeAPI.swift; sourceTree = "<group>"; };
		F45DD0762C7D095A00DCF6A9 /* SettingsView.swift */ = {isa = PBXFileReference; lastKnownFileType = sourcecode.swift; path = SettingsView.swift; sourceTree = "<group>"; };
		F471AF2F2C5C4B9F00CC1E62 /* PlaylistView.swift */ = {isa = PBXFileReference; lastKnownFileType = sourcecode.swift; path = PlaylistView.swift; sourceTree = "<group>"; };
		F476A66C2C5AF4D0008F5E53 /* MySpotifyAPI.swift */ = {isa = PBXFileReference; lastKnownFileType = sourcecode.swift; path = MySpotifyAPI.swift; sourceTree = "<group>"; };
		F48DBF492C61591B00FF8D9F /* TrackView.swift */ = {isa = PBXFileReference; lastKnownFileType = sourcecode.swift; path = TrackView.swift; sourceTree = "<group>"; };
		F48DBF4B2C615BE800FF8D9F /* Playlist.swift */ = {isa = PBXFileReference; lastKnownFileType = sourcecode.swift; path = Playlist.swift; sourceTree = "<group>"; };
		F48DBF4F2C627BE600FF8D9F /* Song.swift */ = {isa = PBXFileReference; lastKnownFileType = sourcecode.swift; path = Song.swift; sourceTree = "<group>"; };
		F49F1F252C686BF3004EC8F9 /* LibraryView.swift */ = {isa = PBXFileReference; lastKnownFileType = sourcecode.swift; path = LibraryView.swift; sourceTree = "<group>"; };
		F4A707BA2C66BEA100498CA0 /* Album.swift */ = {isa = PBXFileReference; lastKnownFileType = sourcecode.swift; path = Album.swift; sourceTree = "<group>"; };
		F4B7B4C72C35235800A348D3 /* Twib Music.app */ = {isa = PBXFileReference; explicitFileType = wrapper.application; includeInIndex = 0; path = "Twib Music.app"; sourceTree = BUILT_PRODUCTS_DIR; };
		F4B7B4CA2C35235800A348D3 /* Twib_MusicApp.swift */ = {isa = PBXFileReference; lastKnownFileType = sourcecode.swift; path = Twib_MusicApp.swift; sourceTree = "<group>"; };
		F4B7B4CE2C35235900A348D3 /* Assets.xcassets */ = {isa = PBXFileReference; lastKnownFileType = folder.assetcatalog; path = Assets.xcassets; sourceTree = "<group>"; };
		F4B7B4D12C35235900A348D3 /* Preview Assets.xcassets */ = {isa = PBXFileReference; lastKnownFileType = folder.assetcatalog; path = "Preview Assets.xcassets"; sourceTree = "<group>"; };
		F4D95A262C76B51B005AF5F8 /* ItemView.swift */ = {isa = PBXFileReference; lastKnownFileType = sourcecode.swift; path = ItemView.swift; sourceTree = "<group>"; };
		F4E2786C2C39119000C924EC /* Twib Music-Bridging-Header.h */ = {isa = PBXFileReference; lastKnownFileType = sourcecode.c.h; path = "Twib Music-Bridging-Header.h"; sourceTree = "<group>"; };
		F4E2786D2C39119100C924EC /* Twib-Music-Bridging-Header.m */ = {isa = PBXFileReference; lastKnownFileType = sourcecode.c.objc; path = "Twib-Music-Bridging-Header.m"; sourceTree = "<group>"; };
		F4EB28E32C37A5A5003406EC /* HomeView.swift */ = {isa = PBXFileReference; fileEncoding = 4; lastKnownFileType = sourcecode.swift; path = HomeView.swift; sourceTree = "<group>"; };
/* End PBXFileReference section */

/* Begin PBXFrameworksBuildPhase section */
		F4B7B4C42C35235800A348D3 /* Frameworks */ = {
			isa = PBXFrameworksBuildPhase;
			buildActionMask = 2147483647;
			files = (
				F4E278682C39070F00C924EC /* SpotifyiOS in Frameworks */,
				F476A6692C5ADC6C008F5E53 /* SpotifyiOS in Frameworks */,
				F43F2E5A2C74262D002C1CD6 /* Zip in Frameworks */,
				F4B5CC982C598FA100C92977 /* SpotifyiOS in Frameworks */,
			);
			runOnlyForDeploymentPostprocessing = 0;
		};
/* End PBXFrameworksBuildPhase section */

/* Begin PBXGroup section */
		F48DBF452C61520E00FF8D9F /* Networking */ = {
			isa = PBXGroup;
			children = (
				F41FD3942C4DF01C0078ABD0 /* MySpotifyManager.swift */,
				F476A66C2C5AF4D0008F5E53 /* MySpotifyAPI.swift */,
				F45B9E8F2C6AC1B500BE0B84 /* MyYouTubeAPI.swift */,
				F44B796C2C7137F90064F471 /* TwibServerAPI.swift */,
			);
			path = Networking;
			sourceTree = "<group>";
		};
		F48DBF472C61524700FF8D9F /* Models */ = {
			isa = PBXGroup;
			children = (
				F4A707BA2C66BEA100498CA0 /* Album.swift */,
				F48DBF4B2C615BE800FF8D9F /* Playlist.swift */,
				F48DBF4F2C627BE600FF8D9F /* Song.swift */,
			);
			path = Models;
			sourceTree = "<group>";
		};
		F48DBF482C61586800FF8D9F /* Views */ = {
			isa = PBXGroup;
			children = (
				F441B22D2C6563BB006F2118 /* HeadingView.swift */,
				F4EB28E32C37A5A5003406EC /* HomeView.swift */,
				F49F1F252C686BF3004EC8F9 /* LibraryView.swift */,
				F471AF2F2C5C4B9F00CC1E62 /* PlaylistView.swift */,
				F48DBF492C61591B00FF8D9F /* TrackView.swift */,
				F4D95A262C76B51B005AF5F8 /* ItemView.swift */,
				F45661652C7CF372008A1B20 /* PlayingView.swift */,
				F45661682C7D004B008A1B20 /* QueueView.swift */,
				F45DD0762C7D095A00DCF6A9 /* SettingsView.swift */,
			);
			path = Views;
			sourceTree = "<group>";
		};
		F4B7B4BE2C35235800A348D3 = {
			isa = PBXGroup;
			children = (
				F41FD38C2C4C83FD0078ABD0 /* Twib-Music-Info.plist */,
				F4E2786C2C39119000C924EC /* Twib Music-Bridging-Header.h */,
				F4E2786D2C39119100C924EC /* Twib-Music-Bridging-Header.m */,
				F4B7B4C92C35235800A348D3 /* Twib Music */,
				F4B7B4C82C35235800A348D3 /* Products */,
			);
			sourceTree = "<group>";
		};
		F4B7B4C82C35235800A348D3 /* Products */ = {
			isa = PBXGroup;
			children = (
				F4B7B4C72C35235800A348D3 /* Twib Music.app */,
			);
			name = Products;
			sourceTree = "<group>";
		};
		F4B7B4C92C35235800A348D3 /* Twib Music */ = {
			isa = PBXGroup;
			children = (
				F4B7B4CE2C35235900A348D3 /* Assets.xcassets */,
				F4B7B4CA2C35235800A348D3 /* Twib_MusicApp.swift */,
				F43F2E562C740310002C1CD6 /* TwibStorageManager.swift */,
				F45199BC2C7E483300C9CD93 /* TwibAudioManager.swift */,
				F48DBF452C61520E00FF8D9F /* Networking */,
				F48DBF472C61524700FF8D9F /* Models */,
				F48DBF482C61586800FF8D9F /* Views */,
				F4B7B4D02C35235900A348D3 /* Preview Content */,
			);
			path = "Twib Music";
			sourceTree = "<group>";
		};
		F4B7B4D02C35235900A348D3 /* Preview Content */ = {
			isa = PBXGroup;
			children = (
				F4B7B4D12C35235900A348D3 /* Preview Assets.xcassets */,
			);
			path = "Preview Content";
			sourceTree = "<group>";
		};
/* End PBXGroup section */

/* Begin PBXNativeTarget section */
		F4B7B4C62C35235800A348D3 /* Twib Music */ = {
			isa = PBXNativeTarget;
			buildConfigurationList = F4B7B4D52C35235900A348D3 /* Build configuration list for PBXNativeTarget "Twib Music" */;
			buildPhases = (
				F4B7B4C32C35235800A348D3 /* Sources */,
				F4B7B4C42C35235800A348D3 /* Frameworks */,
				F4B7B4C52C35235800A348D3 /* Resources */,
			);
			buildRules = (
			);
			dependencies = (
			);
			name = "Twib Music";
			packageProductDependencies = (
				F4E278672C39070F00C924EC /* SpotifyiOS */,
				F4B5CC972C598FA100C92977 /* SpotifyiOS */,
				F476A6682C5ADC6C008F5E53 /* SpotifyiOS */,
				F43F2E592C74262D002C1CD6 /* Zip */,
			);
			productName = "Twib Music";
			productReference = F4B7B4C72C35235800A348D3 /* Twib Music.app */;
			productType = "com.apple.product-type.application";
		};
/* End PBXNativeTarget section */

/* Begin PBXProject section */
		F4B7B4BF2C35235800A348D3 /* Project object */ = {
			isa = PBXProject;
			attributes = {
				BuildIndependentTargetsInParallel = YES;
				LastSwiftUpdateCheck = 1540;
				LastUpgradeCheck = 1600;
				TargetAttributes = {
					F4B7B4C62C35235800A348D3 = {
						CreatedOnToolsVersion = 15.4;
						LastSwiftMigration = 1540;
					};
				};
			};
			buildConfigurationList = F4B7B4C22C35235800A348D3 /* Build configuration list for PBXProject "Twib Music" */;
			compatibilityVersion = "Xcode 14.0";
			developmentRegion = en;
			hasScannedForEncodings = 0;
			knownRegions = (
				en,
				Base,
			);
			mainGroup = F4B7B4BE2C35235800A348D3;
			packageReferences = (
				F476A6672C5ADC6C008F5E53 /* XCLocalSwiftPackageReference "ios-sdk-2.1.6" */,
				F43F2E582C74262D002C1CD6 /* XCRemoteSwiftPackageReference "Zip" */,
			);
			productRefGroup = F4B7B4C82C35235800A348D3 /* Products */;
			projectDirPath = "";
			projectRoot = "";
			targets = (
				F4B7B4C62C35235800A348D3 /* Twib Music */,
			);
		};
/* End PBXProject section */

/* Begin PBXResourcesBuildPhase section */
		F4B7B4C52C35235800A348D3 /* Resources */ = {
			isa = PBXResourcesBuildPhase;
			buildActionMask = 2147483647;
			files = (
				F4B7B4D22C35235900A348D3 /* Preview Assets.xcassets in Resources */,
				F4B7B4CF2C35235900A348D3 /* Assets.xcassets in Resources */,
			);
			runOnlyForDeploymentPostprocessing = 0;
		};
/* End PBXResourcesBuildPhase section */

/* Begin PBXSourcesBuildPhase section */
		F4B7B4C32C35235800A348D3 /* Sources */ = {
			isa = PBXSourcesBuildPhase;
			buildActionMask = 2147483647;
			files = (
				F48DBF502C627BE600FF8D9F /* Song.swift in Sources */,
				F441B22E2C6563BB006F2118 /* HeadingView.swift in Sources */,
				F471AF302C5C4B9F00CC1E62 /* PlaylistView.swift in Sources */,
				F4D95A272C76B51B005AF5F8 /* ItemView.swift in Sources */,
				F45661692C7D004B008A1B20 /* QueueView.swift in Sources */,
				F476A66D2C5AF4D0008F5E53 /* MySpotifyAPI.swift in Sources */,
				F48DBF4A2C61591B00FF8D9F /* TrackView.swift in Sources */,
				F45B9E902C6AC1B500BE0B84 /* MyYouTubeAPI.swift in Sources */,
				F49F1F262C686BF3004EC8F9 /* LibraryView.swift in Sources */,
				F48DBF4C2C615BE800FF8D9F /* Playlist.swift in Sources */,
				F4E2786E2C39119100C924EC /* Twib-Music-Bridging-Header.m in Sources */,
				F43F2E572C740310002C1CD6 /* TwibStorageManager.swift in Sources */,
				F41FD3952C4DF0200078ABD0 /* MySpotifyManager.swift in Sources */,
				F4A707BB2C66BEA100498CA0 /* Album.swift in Sources */,
				F45661662C7CF372008A1B20 /* PlayingView.swift in Sources */,
				F4B7B4CB2C35235800A348D3 /* Twib_MusicApp.swift in Sources */,
				F4EB28E42C37A5A5003406EC /* HomeView.swift in Sources */,
				F44B796D2C7137F90064F471 /* TwibServerAPI.swift in Sources */,
				F45199BD2C7E483300C9CD93 /* TwibAudioManager.swift in Sources */,
				F45DD0772C7D095A00DCF6A9 /* SettingsView.swift in Sources */,
			);
			runOnlyForDeploymentPostprocessing = 0;
		};
/* End PBXSourcesBuildPhase section */

/* Begin XCBuildConfiguration section */
		F4B7B4D32C35235900A348D3 /* Debug */ = {
			isa = XCBuildConfiguration;
			buildSettings = {
				ALWAYS_SEARCH_USER_PATHS = NO;
				ASSETCATALOG_COMPILER_GENERATE_SWIFT_ASSET_SYMBOL_EXTENSIONS = YES;
				CLANG_ANALYZER_NONNULL = YES;
				CLANG_ANALYZER_NUMBER_OBJECT_CONVERSION = YES_AGGRESSIVE;
				CLANG_CXX_LANGUAGE_STANDARD = "gnu++20";
				CLANG_ENABLE_MODULES = YES;
				CLANG_ENABLE_OBJC_ARC = YES;
				CLANG_ENABLE_OBJC_WEAK = YES;
				CLANG_WARN_BLOCK_CAPTURE_AUTORELEASING = YES;
				CLANG_WARN_BOOL_CONVERSION = YES;
				CLANG_WARN_COMMA = YES;
				CLANG_WARN_CONSTANT_CONVERSION = YES;
				CLANG_WARN_DEPRECATED_OBJC_IMPLEMENTATIONS = YES;
				CLANG_WARN_DIRECT_OBJC_ISA_USAGE = YES_ERROR;
				CLANG_WARN_DOCUMENTATION_COMMENTS = YES;
				CLANG_WARN_EMPTY_BODY = YES;
				CLANG_WARN_ENUM_CONVERSION = YES;
				CLANG_WARN_INFINITE_RECURSION = YES;
				CLANG_WARN_INT_CONVERSION = YES;
				CLANG_WARN_NON_LITERAL_NULL_CONVERSION = YES;
				CLANG_WARN_OBJC_IMPLICIT_RETAIN_SELF = YES;
				CLANG_WARN_OBJC_LITERAL_CONVERSION = YES;
				CLANG_WARN_OBJC_ROOT_CLASS = YES_ERROR;
				CLANG_WARN_QUOTED_INCLUDE_IN_FRAMEWORK_HEADER = YES;
				CLANG_WARN_RANGE_LOOP_ANALYSIS = YES;
				CLANG_WARN_STRICT_PROTOTYPES = YES;
				CLANG_WARN_SUSPICIOUS_MOVE = YES;
				CLANG_WARN_UNGUARDED_AVAILABILITY = YES_AGGRESSIVE;
				CLANG_WARN_UNREACHABLE_CODE = YES;
				CLANG_WARN__DUPLICATE_METHOD_MATCH = YES;
				COPY_PHASE_STRIP = NO;
				DEBUG_INFORMATION_FORMAT = dwarf;
				ENABLE_STRICT_OBJC_MSGSEND = YES;
				ENABLE_TESTABILITY = YES;
				ENABLE_USER_SCRIPT_SANDBOXING = YES;
				GCC_C_LANGUAGE_STANDARD = gnu17;
				GCC_DYNAMIC_NO_PIC = NO;
				GCC_NO_COMMON_BLOCKS = YES;
				GCC_OPTIMIZATION_LEVEL = 0;
				GCC_PREPROCESSOR_DEFINITIONS = (
					"DEBUG=1",
					"$(inherited)",
				);
				GCC_WARN_64_TO_32_BIT_CONVERSION = YES;
				GCC_WARN_ABOUT_RETURN_TYPE = YES_ERROR;
				GCC_WARN_UNDECLARED_SELECTOR = YES;
				GCC_WARN_UNINITIALIZED_AUTOS = YES_AGGRESSIVE;
				GCC_WARN_UNUSED_FUNCTION = YES;
				GCC_WARN_UNUSED_VARIABLE = YES;
				IPHONEOS_DEPLOYMENT_TARGET = 17.5;
				LOCALIZATION_PREFERS_STRING_CATALOGS = YES;
				MTL_ENABLE_DEBUG_INFO = INCLUDE_SOURCE;
				MTL_FAST_MATH = YES;
				ONLY_ACTIVE_ARCH = YES;
				SDKROOT = iphoneos;
				SWIFT_ACTIVE_COMPILATION_CONDITIONS = "DEBUG $(inherited)";
				SWIFT_OPTIMIZATION_LEVEL = "-Onone";
			};
			name = Debug;
		};
		F4B7B4D42C35235900A348D3 /* Release */ = {
			isa = XCBuildConfiguration;
			buildSettings = {
				ALWAYS_SEARCH_USER_PATHS = NO;
				ASSETCATALOG_COMPILER_GENERATE_SWIFT_ASSET_SYMBOL_EXTENSIONS = YES;
				CLANG_ANALYZER_NONNULL = YES;
				CLANG_ANALYZER_NUMBER_OBJECT_CONVERSION = YES_AGGRESSIVE;
				CLANG_CXX_LANGUAGE_STANDARD = "gnu++20";
				CLANG_ENABLE_MODULES = YES;
				CLANG_ENABLE_OBJC_ARC = YES;
				CLANG_ENABLE_OBJC_WEAK = YES;
				CLANG_WARN_BLOCK_CAPTURE_AUTORELEASING = YES;
				CLANG_WARN_BOOL_CONVERSION = YES;
				CLANG_WARN_COMMA = YES;
				CLANG_WARN_CONSTANT_CONVERSION = YES;
				CLANG_WARN_DEPRECATED_OBJC_IMPLEMENTATIONS = YES;
				CLANG_WARN_DIRECT_OBJC_ISA_USAGE = YES_ERROR;
				CLANG_WARN_DOCUMENTATION_COMMENTS = YES;
				CLANG_WARN_EMPTY_BODY = YES;
				CLANG_WARN_ENUM_CONVERSION = YES;
				CLANG_WARN_INFINITE_RECURSION = YES;
				CLANG_WARN_INT_CONVERSION = YES;
				CLANG_WARN_NON_LITERAL_NULL_CONVERSION = YES;
				CLANG_WARN_OBJC_IMPLICIT_RETAIN_SELF = YES;
				CLANG_WARN_OBJC_LITERAL_CONVERSION = YES;
				CLANG_WARN_OBJC_ROOT_CLASS = YES_ERROR;
				CLANG_WARN_QUOTED_INCLUDE_IN_FRAMEWORK_HEADER = YES;
				CLANG_WARN_RANGE_LOOP_ANALYSIS = YES;
				CLANG_WARN_STRICT_PROTOTYPES = YES;
				CLANG_WARN_SUSPICIOUS_MOVE = YES;
				CLANG_WARN_UNGUARDED_AVAILABILITY = YES_AGGRESSIVE;
				CLANG_WARN_UNREACHABLE_CODE = YES;
				CLANG_WARN__DUPLICATE_METHOD_MATCH = YES;
				COPY_PHASE_STRIP = NO;
				DEBUG_INFORMATION_FORMAT = "dwarf-with-dsym";
				ENABLE_NS_ASSERTIONS = NO;
				ENABLE_STRICT_OBJC_MSGSEND = YES;
				ENABLE_USER_SCRIPT_SANDBOXING = YES;
				GCC_C_LANGUAGE_STANDARD = gnu17;
				GCC_NO_COMMON_BLOCKS = YES;
				GCC_WARN_64_TO_32_BIT_CONVERSION = YES;
				GCC_WARN_ABOUT_RETURN_TYPE = YES_ERROR;
				GCC_WARN_UNDECLARED_SELECTOR = YES;
				GCC_WARN_UNINITIALIZED_AUTOS = YES_AGGRESSIVE;
				GCC_WARN_UNUSED_FUNCTION = YES;
				GCC_WARN_UNUSED_VARIABLE = YES;
				IPHONEOS_DEPLOYMENT_TARGET = 17.5;
				LOCALIZATION_PREFERS_STRING_CATALOGS = YES;
				MTL_ENABLE_DEBUG_INFO = NO;
				MTL_FAST_MATH = YES;
				SDKROOT = iphoneos;
				SWIFT_COMPILATION_MODE = wholemodule;
				VALIDATE_PRODUCT = YES;
			};
			name = Release;
		};
		F4B7B4D62C35235900A348D3 /* Debug */ = {
			isa = XCBuildConfiguration;
			buildSettings = {
				ASSETCATALOG_COMPILER_APPICON_NAME = AppIcon;
				ASSETCATALOG_COMPILER_GLOBAL_ACCENT_COLOR_NAME = AccentColor;
				CLANG_ENABLE_MODULES = YES;
				CODE_SIGN_STYLE = Automatic;
				CURRENT_PROJECT_VERSION = 1;
				DEVELOPMENT_ASSET_PATHS = "\"Twib Music/Preview Content\"";
				DEVELOPMENT_TEAM = FB4R82Y4GP;
				ENABLE_PREVIEWS = YES;
				GENERATE_INFOPLIST_FILE = YES;
				INFOPLIST_FILE = "Twib-Music-Info.plist";
				INFOPLIST_KEY_UIApplicationSceneManifest_Generation = YES;
				INFOPLIST_KEY_UIApplicationSupportsIndirectInputEvents = YES;
				INFOPLIST_KEY_UILaunchScreen_Generation = YES;
				INFOPLIST_KEY_UIRequiresFullScreen = YES;
				INFOPLIST_KEY_UIStatusBarStyle = "";
				INFOPLIST_KEY_UISupportedInterfaceOrientations = UIInterfaceOrientationPortrait;
				IPHONEOS_DEPLOYMENT_TARGET = 16.0;
				LD_RUNPATH_SEARCH_PATHS = (
					"$(inherited)",
					"@executable_path/Frameworks",
				);
				MARKETING_VERSION = 1.0;
				OTHER_LDFLAGS = "-ObjC";
				PRODUCT_BUNDLE_IDENTIFIER = "l.Twib-Music";
				PRODUCT_NAME = "$(TARGET_NAME)";
				SWIFT_EMIT_LOC_STRINGS = YES;
				SWIFT_OBJC_BRIDGING_HEADER = "Twib Music-Bridging-Header.h";
				SWIFT_OPTIMIZATION_LEVEL = "-Onone";
				SWIFT_VERSION = 5.0;
				TARGETED_DEVICE_FAMILY = "1,2";
			};
			name = Debug;
		};
		F4B7B4D72C35235900A348D3 /* Release */ = {
			isa = XCBuildConfiguration;
			buildSettings = {
				ASSETCATALOG_COMPILER_APPICON_NAME = AppIcon;
				ASSETCATALOG_COMPILER_GLOBAL_ACCENT_COLOR_NAME = AccentColor;
				CLANG_ENABLE_MODULES = YES;
				CODE_SIGN_STYLE = Automatic;
				CURRENT_PROJECT_VERSION = 1;
				DEVELOPMENT_ASSET_PATHS = "\"Twib Music/Preview Content\"";
				DEVELOPMENT_TEAM = FB4R82Y4GP;
				ENABLE_PREVIEWS = YES;
				GENERATE_INFOPLIST_FILE = YES;
				INFOPLIST_FILE = "Twib-Music-Info.plist";
				INFOPLIST_KEY_UIApplicationSceneManifest_Generation = YES;
				INFOPLIST_KEY_UIApplicationSupportsIndirectInputEvents = YES;
				INFOPLIST_KEY_UILaunchScreen_Generation = YES;
				INFOPLIST_KEY_UIRequiresFullScreen = YES;
				INFOPLIST_KEY_UIStatusBarStyle = "";
				INFOPLIST_KEY_UISupportedInterfaceOrientations = UIInterfaceOrientationPortrait;
				IPHONEOS_DEPLOYMENT_TARGET = 16.0;
				LD_RUNPATH_SEARCH_PATHS = (
					"$(inherited)",
					"@executable_path/Frameworks",
				);
				MARKETING_VERSION = 1.0;
				OTHER_LDFLAGS = "-ObjC";
				PRODUCT_BUNDLE_IDENTIFIER = "l.Twib-Music";
				PRODUCT_NAME = "$(TARGET_NAME)";
				SWIFT_EMIT_LOC_STRINGS = YES;
				SWIFT_OBJC_BRIDGING_HEADER = "Twib Music-Bridging-Header.h";
				SWIFT_VERSION = 5.0;
				TARGETED_DEVICE_FAMILY = "1,2";
			};
			name = Release;
		};
/* End XCBuildConfiguration section */

/* Begin XCConfigurationList section */
		F4B7B4C22C35235800A348D3 /* Build configuration list for PBXProject "Twib Music" */ = {
			isa = XCConfigurationList;
			buildConfigurations = (
				F4B7B4D32C35235900A348D3 /* Debug */,
				F4B7B4D42C35235900A348D3 /* Release */,
			);
			defaultConfigurationIsVisible = 0;
			defaultConfigurationName = Release;
		};
		F4B7B4D52C35235900A348D3 /* Build configuration list for PBXNativeTarget "Twib Music" */ = {
			isa = XCConfigurationList;
			buildConfigurations = (
				F4B7B4D62C35235900A348D3 /* Debug */,
				F4B7B4D72C35235900A348D3 /* Release */,
			);
			defaultConfigurationIsVisible = 0;
			defaultConfigurationName = Release;
		};
/* End XCConfigurationList section */

/* Begin XCLocalSwiftPackageReference section */
		F476A6672C5ADC6C008F5E53 /* XCLocalSwiftPackageReference "ios-sdk-2.1.6" */ = {
			isa = XCLocalSwiftPackageReference;
			relativePath = "ios-sdk-2.1.6";
		};
/* End XCLocalSwiftPackageReference section */

/* Begin XCRemoteSwiftPackageReference section */
		F43F2E582C74262D002C1CD6 /* XCRemoteSwiftPackageReference "Zip" */ = {
			isa = XCRemoteSwiftPackageReference;
			repositoryURL = "https://github.com/marmelroy/Zip";
			requirement = {
				kind = upToNextMajorVersion;
				minimumVersion = 2.1.2;
			};
		};
/* End XCRemoteSwiftPackageReference section */

/* Begin XCSwiftPackageProductDependency section */
		F43F2E592C74262D002C1CD6 /* Zip */ = {
			isa = XCSwiftPackageProductDependency;
			package = F43F2E582C74262D002C1CD6 /* XCRemoteSwiftPackageReference "Zip" */;
			productName = Zip;
		};
		F476A6682C5ADC6C008F5E53 /* SpotifyiOS */ = {
			isa = XCSwiftPackageProductDependency;
			productName = SpotifyiOS;
		};
		F4B5CC972C598FA100C92977 /* SpotifyiOS */ = {
			isa = XCSwiftPackageProductDependency;
			productName = SpotifyiOS;
		};
		F4E278672C39070F00C924EC /* SpotifyiOS */ = {
			isa = XCSwiftPackageProductDependency;
			productName = SpotifyiOS;
		};
/* End XCSwiftPackageProductDependency section */
	};
	rootObject = F4B7B4BF2C35235800A348D3 /* Project object */;
}
